// !$*UTF8*$!
{
	archiveVersion = 1;
	classes = {
	};
	objectVersion = 50;
	objects = {

/* Begin PBXBuildFile section */
		3C22B0DE211F1929000F0C0E /* AppDelegate.swift in Sources */ = {isa = PBXBuildFile; fileRef = 3C22B0DD211F1929000F0C0E /* AppDelegate.swift */; };
		3C22B0E3211F1929000F0C0E /* Main.storyboard in Resources */ = {isa = PBXBuildFile; fileRef = 3C22B0E1211F1929000F0C0E /* Main.storyboard */; };
		3C22B0E8211F1947000F0C0E /* Assets.xcassets in Resources */ = {isa = PBXBuildFile; fileRef = 3C22B0E7211F1947000F0C0E /* Assets.xcassets */; };
		3C22B0EB211F1947000F0C0E /* LaunchScreen.storyboard in Resources */ = {isa = PBXBuildFile; fileRef = 3C22B0E9211F1947000F0C0E /* LaunchScreen.storyboard */; };
		3C22B0F3211F2028000F0C0E /* Constants.swift in Sources */ = {isa = PBXBuildFile; fileRef = 3C22B0F2211F2028000F0C0E /* Constants.swift */; };
		3C22B0F6211F20B0000F0C0E /* LoadData.swift in Sources */ = {isa = PBXBuildFile; fileRef = 3C22B0F5211F20B0000F0C0E /* LoadData.swift */; };
		3C22B0F8211F25A0000F0C0E /* TableViewCell.swift in Sources */ = {isa = PBXBuildFile; fileRef = 3C22B0F7211F25A0000F0C0E /* TableViewCell.swift */; };
		3C58B6CD21221FBC00D34963 /* Declaration.xcdatamodeld in Sources */ = {isa = PBXBuildFile; fileRef = 3C58B6CB21221FBC00D34963 /* Declaration.xcdatamodeld */; };
		3C58B6D02122205600D34963 /* FavoriteData.swift in Sources */ = {isa = PBXBuildFile; fileRef = 3C58B6CE2122205600D34963 /* FavoriteData.swift */; };
		3C58B6D12122205600D34963 /* FavoriteDataCoreDataProperties.swift in Sources */ = {isa = PBXBuildFile; fileRef = 3C58B6CF2122205600D34963 /* FavoriteDataCoreDataProperties.swift */; };
		3C67ED5921216AD700233257 /* NotesViewController.swift in Sources */ = {isa = PBXBuildFile; fileRef = 3C67ED5821216AD700233257 /* NotesViewController.swift */; };
		3C67ED5F21217D6C00233257 /* FavoriteTableView.swift in Sources */ = {isa = PBXBuildFile; fileRef = 3C67ED5E21217D6C00233257 /* FavoriteTableView.swift */; };
		3C7BE89D21207DF300499527 /* PdfViewController.swift in Sources */ = {isa = PBXBuildFile; fileRef = 3C7BE89C21207DF300499527 /* PdfViewController.swift */; };
		3C841BD4211F450C00AD0F01 /* DeclarationTableView.swift in Sources */ = {isa = PBXBuildFile; fileRef = 3C841BD3211F450C00AD0F01 /* DeclarationTableView.swift */; };
		3C841BD621200EAC00AD0F01 /* ConvertData.swift in Sources */ = {isa = PBXBuildFile; fileRef = 3C841BD521200EAC00AD0F01 /* ConvertData.swift */; };
		3CC2218C2122EFEA0057C87D /* WorkingCoreData.swift in Sources */ = {isa = PBXBuildFile; fileRef = 3CC2218B2122EFEA0057C87D /* WorkingCoreData.swift */; };
/* End PBXBuildFile section */

/* Begin PBXFileReference section */
		3C22B0DA211F1928000F0C0E /* DeclarationApp.app */ = {isa = PBXFileReference; explicitFileType = wrapper.application; includeInIndex = 0; path = DeclarationApp.app; sourceTree = BUILT_PRODUCTS_DIR; };
		3C22B0DD211F1929000F0C0E /* AppDelegate.swift */ = {isa = PBXFileReference; lastKnownFileType = sourcecode.swift; path = AppDelegate.swift; sourceTree = "<group>"; };
		3C22B0E2211F1929000F0C0E /* Base */ = {isa = PBXFileReference; lastKnownFileType = file.storyboard; name = Base; path = Base.lproj/Main.storyboard; sourceTree = "<group>"; };
		3C22B0E7211F1947000F0C0E /* Assets.xcassets */ = {isa = PBXFileReference; lastKnownFileType = folder.assetcatalog; path = Assets.xcassets; sourceTree = "<group>"; };
		3C22B0EA211F1947000F0C0E /* Base */ = {isa = PBXFileReference; lastKnownFileType = file.storyboard; name = Base; path = Base.lproj/LaunchScreen.storyboard; sourceTree = "<group>"; };
		3C22B0EC211F1947000F0C0E /* Info.plist */ = {isa = PBXFileReference; lastKnownFileType = text.plist.xml; path = Info.plist; sourceTree = "<group>"; };
		3C22B0F2211F2028000F0C0E /* Constants.swift */ = {isa = PBXFileReference; lastKnownFileType = sourcecode.swift; path = Constants.swift; sourceTree = "<group>"; };
		3C22B0F5211F20B0000F0C0E /* LoadData.swift */ = {isa = PBXFileReference; lastKnownFileType = sourcecode.swift; path = LoadData.swift; sourceTree = "<group>"; };
		3C22B0F7211F25A0000F0C0E /* TableViewCell.swift */ = {isa = PBXFileReference; lastKnownFileType = sourcecode.swift; path = TableViewCell.swift; sourceTree = "<group>"; };
		3C58B6CC21221FBC00D34963 /* Declaration.xcdatamodel */ = {isa = PBXFileReference; lastKnownFileType = wrapper.xcdatamodel; path = Declaration.xcdatamodel; sourceTree = "<group>"; };
		3C58B6CE2122205600D34963 /* FavoriteData.swift */ = {isa = PBXFileReference; lastKnownFileType = sourcecode.swift; path = FavoriteData.swift; sourceTree = "<group>"; };
		3C58B6CF2122205600D34963 /* FavoriteDataCoreDataProperties.swift */ = {isa = PBXFileReference; lastKnownFileType = sourcecode.swift; path = FavoriteDataCoreDataProperties.swift; sourceTree = "<group>"; };
		3C67ED5821216AD700233257 /* NotesViewController.swift */ = {isa = PBXFileReference; lastKnownFileType = sourcecode.swift; path = NotesViewController.swift; sourceTree = "<group>"; };
		3C67ED5E21217D6C00233257 /* FavoriteTableView.swift */ = {isa = PBXFileReference; lastKnownFileType = sourcecode.swift; path = FavoriteTableView.swift; sourceTree = "<group>"; };
		3C7BE89C21207DF300499527 /* PdfViewController.swift */ = {isa = PBXFileReference; lastKnownFileType = sourcecode.swift; path = PdfViewController.swift; sourceTree = "<group>"; };
		3C841BD3211F450C00AD0F01 /* DeclarationTableView.swift */ = {isa = PBXFileReference; lastKnownFileType = sourcecode.swift; path = DeclarationTableView.swift; sourceTree = "<group>"; };
		3C841BD521200EAC00AD0F01 /* ConvertData.swift */ = {isa = PBXFileReference; lastKnownFileType = sourcecode.swift; path = ConvertData.swift; sourceTree = "<group>"; };
		3CC2218B2122EFEA0057C87D /* WorkingCoreData.swift */ = {isa = PBXFileReference; lastKnownFileType = sourcecode.swift; path = WorkingCoreData.swift; sourceTree = "<group>"; };
/* End PBXFileReference section */

/* Begin PBXFrameworksBuildPhase section */
		3C22B0D7211F1928000F0C0E /* Frameworks */ = {
			isa = PBXFrameworksBuildPhase;
			buildActionMask = 2147483647;
			files = (
			);
			runOnlyForDeploymentPostprocessing = 0;
		};
/* End PBXFrameworksBuildPhase section */

/* Begin PBXGroup section */
		3C22B0D1211F1928000F0C0E = {
			isa = PBXGroup;
			children = (
				3C58B6CB21221FBC00D34963 /* Declaration.xcdatamodeld */,
				3C22B0DC211F1928000F0C0E /* DeclarationApp */,
				3C22B0DB211F1928000F0C0E /* Products */,
			);
			sourceTree = "<group>";
		};
		3C22B0DB211F1928000F0C0E /* Products */ = {
			isa = PBXGroup;
			children = (
				3C22B0DA211F1928000F0C0E /* DeclarationApp.app */,
			);
			name = Products;
			sourceTree = "<group>";
		};
		3C22B0DC211F1928000F0C0E /* DeclarationApp */ = {
			isa = PBXGroup;
			children = (
				3CAD98592120D87A0064B3BC /* Data */,
				3CAD98582120D8520064B3BC /* ViewController */,
				3C22B0F4211F2031000F0C0E /* Works */,
				3C22B0E1211F1929000F0C0E /* Main.storyboard */,
				3C22B0E9211F1947000F0C0E /* LaunchScreen.storyboard */,
				3C22B0EC211F1947000F0C0E /* Info.plist */,
			);
			path = DeclarationApp;
			sourceTree = "<group>";
		};
		3C22B0F4211F2031000F0C0E /* Works */ = {
			isa = PBXGroup;
			children = (
				3C58B6CE2122205600D34963 /* FavoriteData.swift */,
				3C58B6CF2122205600D34963 /* FavoriteDataCoreDataProperties.swift */,
				3C22B0F2211F2028000F0C0E /* Constants.swift */,
				3C22B0DD211F1929000F0C0E /* AppDelegate.swift */,
				3C22B0E7211F1947000F0C0E /* Assets.xcassets */,
			);
			path = Works;
			sourceTree = "<group>";
		};
		3CAD98582120D8520064B3BC /* ViewController */ = {
			isa = PBXGroup;
			children = (
				3C7BE89C21207DF300499527 /* PdfViewController.swift */,
				3C22B0F7211F25A0000F0C0E /* TableViewCell.swift */,
				3C841BD3211F450C00AD0F01 /* DeclarationTableView.swift */,
				3C67ED5821216AD700233257 /* NotesViewController.swift */,
				3C67ED5E21217D6C00233257 /* FavoriteTableView.swift */,
			);
			path = ViewController;
			sourceTree = "<group>";
		};
		3CAD98592120D87A0064B3BC /* Data */ = {
			isa = PBXGroup;
			children = (
				3C22B0F5211F20B0000F0C0E /* LoadData.swift */,
				3C841BD521200EAC00AD0F01 /* ConvertData.swift */,
				3CC2218B2122EFEA0057C87D /* WorkingCoreData.swift */,
			);
			path = Data;
			sourceTree = "<group>";
		};
/* End PBXGroup section */

/* Begin PBXNativeTarget section */
		3C22B0D9211F1928000F0C0E /* DeclarationApp */ = {
			isa = PBXNativeTarget;
			buildConfigurationList = 3C22B0EF211F1947000F0C0E /* Build configuration list for PBXNativeTarget "DeclarationApp" */;
			buildPhases = (
				3C22B0D6211F1928000F0C0E /* Sources */,
				3C22B0D7211F1928000F0C0E /* Frameworks */,
				3C22B0D8211F1928000F0C0E /* Resources */,
			);
			buildRules = (
			);
			dependencies = (
			);
			name = DeclarationApp;
			productName = DeclarationApp;
			productReference = 3C22B0DA211F1928000F0C0E /* DeclarationApp.app */;
			productType = "com.apple.product-type.application";
		};
/* End PBXNativeTarget section */

/* Begin PBXProject section */
		3C22B0D2211F1928000F0C0E /* Project object */ = {
			isa = PBXProject;
			attributes = {
				LastSwiftUpdateCheck = 0940;
				LastUpgradeCheck = 0940;
				ORGANIZATIONNAME = vika;
				TargetAttributes = {
					3C22B0D9211F1928000F0C0E = {
						CreatedOnToolsVersion = 9.4.1;
					};
				};
			};
			buildConfigurationList = 3C22B0D5211F1928000F0C0E /* Build configuration list for PBXProject "DeclarationApp" */;
			compatibilityVersion = "Xcode 9.3";
			developmentRegion = en;
			hasScannedForEncodings = 0;
			knownRegions = (
				en,
				Base,
			);
			mainGroup = 3C22B0D1211F1928000F0C0E;
			productRefGroup = 3C22B0DB211F1928000F0C0E /* Products */;
			projectDirPath = "";
			projectRoot = "";
			targets = (
				3C22B0D9211F1928000F0C0E /* DeclarationApp */,
			);
		};
/* End PBXProject section */

/* Begin PBXResourcesBuildPhase section */
		3C22B0D8211F1928000F0C0E /* Resources */ = {
			isa = PBXResourcesBuildPhase;
			buildActionMask = 2147483647;
			files = (
				3C22B0EB211F1947000F0C0E /* LaunchScreen.storyboard in Resources */,
				3C22B0E8211F1947000F0C0E /* Assets.xcassets in Resources */,
				3C22B0E3211F1929000F0C0E /* Main.storyboard in Resources */,
			);
			runOnlyForDeploymentPostprocessing = 0;
		};
/* End PBXResourcesBuildPhase section */

/* Begin PBXSourcesBuildPhase section */
		3C22B0D6211F1928000F0C0E /* Sources */ = {
			isa = PBXSourcesBuildPhase;
			buildActionMask = 2147483647;
			files = (
				3C841BD621200EAC00AD0F01 /* ConvertData.swift in Sources */,
				3C58B6D02122205600D34963 /* FavoriteData.swift in Sources */,
				3C22B0F6211F20B0000F0C0E /* LoadData.swift in Sources */,
				3C22B0F8211F25A0000F0C0E /* TableViewCell.swift in Sources */,
				3C67ED5F21217D6C00233257 /* FavoriteTableView.swift in Sources */,
				3C58B6D12122205600D34963 /* FavoriteDataCoreDataProperties.swift in Sources */,
				3C58B6CD21221FBC00D34963 /* Declaration.xcdatamodeld in Sources */,
				3C841BD4211F450C00AD0F01 /* DeclarationTableView.swift in Sources */,
				3C67ED5921216AD700233257 /* NotesViewController.swift in Sources */,
				3C22B0DE211F1929000F0C0E /* AppDelegate.swift in Sources */,
				3CC2218C2122EFEA0057C87D /* WorkingCoreData.swift in Sources */,
				3C7BE89D21207DF300499527 /* PdfViewController.swift in Sources */,
				3C22B0F3211F2028000F0C0E /* Constants.swift in Sources */,
			);
			runOnlyForDeploymentPostprocessing = 0;
		};
/* End PBXSourcesBuildPhase section */

/* Begin PBXVariantGroup section */
		3C22B0E1211F1929000F0C0E /* Main.storyboard */ = {
			isa = PBXVariantGroup;
			children = (
				3C22B0E2211F1929000F0C0E /* Base */,
			);
			name = Main.storyboard;
			sourceTree = "<group>";
		};
		3C22B0E9211F1947000F0C0E /* LaunchScreen.storyboard */ = {
			isa = PBXVariantGroup;
			children = (
				3C22B0EA211F1947000F0C0E /* Base */,
			);
			name = LaunchScreen.storyboard;
			sourceTree = "<group>";
		};
/* End PBXVariantGroup section */

/* Begin XCBuildConfiguration section */
		3C22B0ED211F1947000F0C0E /* Debug */ = {
			isa = XCBuildConfiguration;
			buildSettings = {
				ALWAYS_SEARCH_USER_PATHS = NO;
				CLANG_ANALYZER_NONNULL = YES;
				CLANG_ANALYZER_NUMBER_OBJECT_CONVERSION = YES_AGGRESSIVE;
				CLANG_CXX_LANGUAGE_STANDARD = "gnu++14";
				CLANG_CXX_LIBRARY = "libc++";
				CLANG_ENABLE_MODULES = YES;
				CLANG_ENABLE_OBJC_ARC = YES;
				CLANG_ENABLE_OBJC_WEAK = YES;
				CLANG_WARN_BLOCK_CAPTURE_AUTORELEASING = YES;
				CLANG_WARN_BOOL_CONVERSION = YES;
				CLANG_WARN_COMMA = YES;
				CLANG_WARN_CONSTANT_CONVERSION = YES;
				CLANG_WARN_DEPRECATED_OBJC_IMPLEMENTATIONS = YES;
				CLANG_WARN_DIRECT_OBJC_ISA_USAGE = YES_ERROR;
				CLANG_WARN_DOCUMENTATION_COMMENTS = YES;
				CLANG_WARN_EMPTY_BODY = YES;
				CLANG_WARN_ENUM_CONVERSION = YES;
				CLANG_WARN_INFINITE_RECURSION = YES;
				CLANG_WARN_INT_CONVERSION = YES;
				CLANG_WARN_NON_LITERAL_NULL_CONVERSION = YES;
				CLANG_WARN_OBJC_IMPLICIT_RETAIN_SELF = YES;
				CLANG_WARN_OBJC_LITERAL_CONVERSION = YES;
				CLANG_WARN_OBJC_ROOT_CLASS = YES_ERROR;
				CLANG_WARN_RANGE_LOOP_ANALYSIS = YES;
				CLANG_WARN_STRICT_PROTOTYPES = YES;
				CLANG_WARN_SUSPICIOUS_MOVE = YES;
				CLANG_WARN_UNGUARDED_AVAILABILITY = YES_AGGRESSIVE;
				CLANG_WARN_UNREACHABLE_CODE = YES;
				CLANG_WARN__DUPLICATE_METHOD_MATCH = YES;
				CODE_SIGN_IDENTITY = "iPhone Developer";
				COPY_PHASE_STRIP = NO;
				DEBUG_INFORMATION_FORMAT = dwarf;
				ENABLE_STRICT_OBJC_MSGSEND = YES;
				ENABLE_TESTABILITY = YES;
				GCC_C_LANGUAGE_STANDARD = gnu11;
				GCC_DYNAMIC_NO_PIC = NO;
				GCC_NO_COMMON_BLOCKS = YES;
				GCC_OPTIMIZATION_LEVEL = 0;
				GCC_PREPROCESSOR_DEFINITIONS = (
					"DEBUG=1",
					"$(inherited)",
				);
				GCC_WARN_64_TO_32_BIT_CONVERSION = YES;
				GCC_WARN_ABOUT_RETURN_TYPE = YES_ERROR;
				GCC_WARN_UNDECLARED_SELECTOR = YES;
				GCC_WARN_UNINITIALIZED_AUTOS = YES_AGGRESSIVE;
				GCC_WARN_UNUSED_FUNCTION = YES;
				GCC_WARN_UNUSED_VARIABLE = YES;
				IPHONEOS_DEPLOYMENT_TARGET = 11.4;
				MTL_ENABLE_DEBUG_INFO = YES;
				ONLY_ACTIVE_ARCH = YES;
				SDKROOT = iphoneos;
				SWIFT_ACTIVE_COMPILATION_CONDITIONS = DEBUG;
				SWIFT_OPTIMIZATION_LEVEL = "-Onone";
			};
			name = Debug;
		};
		3C22B0EE211F1947000F0C0E /* Release */ = {
			isa = XCBuildConfiguration;
			buildSettings = {
				ALWAYS_SEARCH_USER_PATHS = NO;
				CLANG_ANALYZER_NONNULL = YES;
				CLANG_ANALYZER_NUMBER_OBJECT_CONVERSION = YES_AGGRESSIVE;
				CLANG_CXX_LANGUAGE_STANDARD = "gnu++14";
				CLANG_CXX_LIBRARY = "libc++";
				CLANG_ENABLE_MODULES = YES;
				CLANG_ENABLE_OBJC_ARC = YES;
				CLANG_ENABLE_OBJC_WEAK = YES;
				CLANG_WARN_BLOCK_CAPTURE_AUTORELEASING = YES;
				CLANG_WARN_BOOL_CONVERSION = YES;
				CLANG_WARN_COMMA = YES;
				CLANG_WARN_CONSTANT_CONVERSION = YES;
				CLANG_WARN_DEPRECATED_OBJC_IMPLEMENTATIONS = YES;
				CLANG_WARN_DIRECT_OBJC_ISA_USAGE = YES_ERROR;
				CLANG_WARN_DOCUMENTATION_COMMENTS = YES;
				CLANG_WARN_EMPTY_BODY = YES;
				CLANG_WARN_ENUM_CONVERSION = YES;
				CLANG_WARN_INFINITE_RECURSION = YES;
				CLANG_WARN_INT_CONVERSION = YES;
				CLANG_WARN_NON_LITERAL_NULL_CONVERSION = YES;
				CLANG_WARN_OBJC_IMPLICIT_RETAIN_SELF = YES;
				CLANG_WARN_OBJC_LITERAL_CONVERSION = YES;
				CLANG_WARN_OBJC_ROOT_CLASS = YES_ERROR;
				CLANG_WARN_RANGE_LOOP_ANALYSIS = YES;
				CLANG_WARN_STRICT_PROTOTYPES = YES;
				CLANG_WARN_SUSPICIOUS_MOVE = YES;
				CLANG_WARN_UNGUARDED_AVAILABILITY = YES_AGGRESSIVE;
				CLANG_WARN_UNREACHABLE_CODE = YES;
				CLANG_WARN__DUPLICATE_METHOD_MATCH = YES;
				CODE_SIGN_IDENTITY = "iPhone Developer";
				COPY_PHASE_STRIP = NO;
				DEBUG_INFORMATION_FORMAT = "dwarf-with-dsym";
				ENABLE_NS_ASSERTIONS = NO;
				ENABLE_STRICT_OBJC_MSGSEND = YES;
				GCC_C_LANGUAGE_STANDARD = gnu11;
				GCC_NO_COMMON_BLOCKS = YES;
				GCC_WARN_64_TO_32_BIT_CONVERSION = YES;
				GCC_WARN_ABOUT_RETURN_TYPE = YES_ERROR;
				GCC_WARN_UNDECLARED_SELECTOR = YES;
				GCC_WARN_UNINITIALIZED_AUTOS = YES_AGGRESSIVE;
				GCC_WARN_UNUSED_FUNCTION = YES;
				GCC_WARN_UNUSED_VARIABLE = YES;
				IPHONEOS_DEPLOYMENT_TARGET = 11.4;
				MTL_ENABLE_DEBUG_INFO = NO;
				SDKROOT = iphoneos;
				SWIFT_COMPILATION_MODE = wholemodule;
				SWIFT_OPTIMIZATION_LEVEL = "-O";
				VALIDATE_PRODUCT = YES;
			};
			name = Release;
		};
		3C22B0F0211F1947000F0C0E /* Debug */ = {
			isa = XCBuildConfiguration;
			buildSettings = {
				ASSETCATALOG_COMPILER_APPICON_NAME = AppIcon;
				CODE_SIGN_STYLE = Automatic;
				DEVELOPMENT_TEAM = UFA9RL4X7S;
				INFOPLIST_FILE = DeclarationApp/Info.plist;
				LD_RUNPATH_SEARCH_PATHS = (
					"$(inherited)",
					"@executable_path/Frameworks",
				);
				PRODUCT_BUNDLE_IDENTIFIER = vm.DeclarationApp;
				PRODUCT_NAME = "$(TARGET_NAME)";
				SWIFT_VERSION = 4.0;
				TARGETED_DEVICE_FAMILY = "1,2";
			};
			name = Debug;
		};
		3C22B0F1211F1947000F0C0E /* Release */ = {
			isa = XCBuildConfiguration;
			buildSettings = {
				ASSETCATALOG_COMPILER_APPICON_NAME = AppIcon;
				CODE_SIGN_STYLE = Automatic;
				DEVELOPMENT_TEAM = UFA9RL4X7S;
				INFOPLIST_FILE = DeclarationApp/Info.plist;
				LD_RUNPATH_SEARCH_PATHS = (
					"$(inherited)",
					"@executable_path/Frameworks",
				);
				PRODUCT_BUNDLE_IDENTIFIER = vm.DeclarationApp;
				PRODUCT_NAME = "$(TARGET_NAME)";
				SWIFT_VERSION = 4.0;
				TARGETED_DEVICE_FAMILY = "1,2";
			};
			name = Release;
		};
/* End XCBuildConfiguration section */

/* Begin XCConfigurationList section */
		3C22B0D5211F1928000F0C0E /* Build configuration list for PBXProject "DeclarationApp" */ = {
			isa = XCConfigurationList;
			buildConfigurations = (
				3C22B0ED211F1947000F0C0E /* Debug */,
				3C22B0EE211F1947000F0C0E /* Release */,
			);
			defaultConfigurationIsVisible = 0;
			defaultConfigurationName = Release;
		};
		3C22B0EF211F1947000F0C0E /* Build configuration list for PBXNativeTarget "DeclarationApp" */ = {
			isa = XCConfigurationList;
			buildConfigurations = (
				3C22B0F0211F1947000F0C0E /* Debug */,
				3C22B0F1211F1947000F0C0E /* Release */,
			);
			defaultConfigurationIsVisible = 0;
			defaultConfigurationName = Release;
		};
/* End XCConfigurationList section */

/* Begin XCVersionGroup section */
		3C58B6CB21221FBC00D34963 /* Declaration.xcdatamodeld */ = {
			isa = XCVersionGroup;
			children = (
				3C58B6CC21221FBC00D34963 /* Declaration.xcdatamodel */,
			);
			currentVersion = 3C58B6CC21221FBC00D34963 /* Declaration.xcdatamodel */;
			path = Declaration.xcdatamodeld;
			sourceTree = "<group>";
			versionGroupType = wrapper.xcdatamodel;
		};
/* End XCVersionGroup section */
	};
	rootObject = 3C22B0D2211F1928000F0C0E /* Project object */;
}
